{
  "version": 1,
  "dependencies": {
    "net10.0": {
      "Microsoft.DotNet.ILCompiler": {
        "type": "Direct",
        "requested": "[10.0.12, )",
        "resolved": "10.0.12",
        "contentHash": "AawF393Q+VkdrnrnI1gu612zh5iqpa1AGSvnKCQ3IkMgSKJXIQbO1sXYRgEzOU4f0cPZ6MaCCF29xZSGWlmbuQ=="
      },
      "Microsoft.NET.ILLink.Tasks": {
        "type": "Direct",
        "requested": "[10.0.12, )",
        "resolved": "10.0.12",
        "contentHash": "xi+BDjFpW+Sb+MHFHaH6Y/gV9I8BluFwRXc1QyCdoZbIK26eNiBeFuMTe/FMwc33G1wdHCyDg7CVTmb8OdQrMQ=="
      },
      "ModelContextProtocol.AspNetCore": {
        "type": "Direct",
        "requested": "[2.2.0, )",
        "resolved": "2.2.0",
        "contentHash": "3JelDMuFIwFzXybsh6K30G6wXu5gmqKnuRnieqgBMuR0FkqqXRv4B+NYZuPgthSyNq5UwRyvv2U2VJBE3RD3PQ==",
        "dependencies": {
          "ModelContextProtocol": "[2.2.0]"
        }
      },
      "OpenTelemetry.Instrumentation.AspNetCore": {
        "type": "Direct",
        "requested": "[1.19.0, )",
        "resolved": "1.19.0",
        "contentHash": "reypo7g0Nzyssg1EkbfWU6W58CVFgtgkSEGrFXtbpA+bNit7HUs7587DOkOdPCgqWr3IL4f6X9B2yhnU6POrFA==",
        "dependencies": {
          "OpenTelemetry.Api.ProviderBuilderExtensions": "[1.19.0, 2.0.0)"
        }
      },
      "Azure.AI.OpenAI": {
        "type": "Transitive",
        "resolved": "2.9.0-beta.1",
        "contentHash": "CgIYDuCSOFx+yPuCdK7iz71OW2envfVeIE/YoNYK+mhr6bxgIJV6jfBF+mV9aHDQ6KVQjeSL6OZ7x90XrvsoRg==",
        "dependencies": {
          "Azure.Core": "1.51.1",
          "OpenAI": "2.9.1"
        }
      },
      "Azure.Core": {
        "type": "Transitive",
        "resolved": "1.51.1",
        "contentHash": "JRANrRvN5O5FFRh+pMUb8qqWU7jBQ39qXEbVr7Rkb1/s7rqc6RSzVHKGBz5Ro1gDy2WSGjG5YEOJKpPIBiCMcA==",
        "dependencies": {
          "Microsoft.Bcl.AsyncInterfaces": "10.0.2",
          "System.ClientModel": "1.9.0",
          "System.Memory.Data": "10.0.1"
        }
      },
      "Google.Protobuf": {
        "type": "Transitive",
        "resolved": "3.30.2",
        "contentHash": "Y2aOVLIt75yeeEWigg9V9YnjsEm53sADtLGq0gLhwaXpk3iu8tYSoauolyhenagA2sWno2TQ2WujI0HQd6s1Vw=="
      },
      "Microsoft.Agents.AI": {
        "type": "Transitive",
        "resolved": "1.23.0",
        "contentHash": "C24TjE7wrlbSYgtOVU8Hnym9hVGH0NmRhe4Duz8xxsjqtJuwODjT0+exZkCP2FVqkMsYEzlQN165EtBodycnJw==",
        "dependencies": {
          "Microsoft.Agents.AI.Abstractions": "1.23.0",
          "Microsoft.Extensions.AI": "10.10.0",
          "Microsoft.Extensions.AI.Abstractions": "10.10.1",
          "Microsoft.Extensions.AI.Evaluation": "10.10.0",
          "Microsoft.Extensions.Compliance.Abstractions": "10.10.0",
          "Microsoft.Extensions.VectorData.Abstractions": "10.10.0",
          "Microsoft.ML.Tokenizers": "2.0.0"
        }
      },
      "Microsoft.Agents.AI.Abstractions": {
        "type": "Transitive",
        "resolved": "1.23.0",
        "contentHash": "buEDdiD+KtMyOQ50kqptkn7rjsGk46gOxeG8hRH//Y+O8LB8yZCb7qjnvFD6y/PhzK7SrVKLyaP+wu09fOFqPg==",
        "dependencies": {
          "Microsoft.Extensions.AI.Abstractions": "10.10.1"
        }
      },
      "Microsoft.Agents.AI.Workflows": {
        "type": "Transitive",
        "resolved": "1.23.0",
        "contentHash": "lNEz52jDmC3oDZtWpDsQQivue2x7k0iSTT/2+6QUO7Hgmd8xMznMZ26bvGvUrH95sl7sSK/2eVeZ3spubnwE3g==",
        "dependencies": {
          "Microsoft.Agents.AI": "1.23.0",
          "Microsoft.Agents.AI.Abstractions": "1.23.0",
          "Microsoft.Extensions.AI": "10.10.0",
          "Microsoft.Extensions.AI.Abstractions": "10.10.1",
          "Microsoft.Extensions.AI.Evaluation": "10.10.0",
          "Microsoft.Extensions.Compliance.Abstractions": "10.10.0",
          "Microsoft.Extensions.VectorData.Abstractions": "10.10.0",
          "Microsoft.ML.Tokenizers": "2.0.0",
          "OpenTelemetry.Api": "1.18.0"
        }
      },
      "Microsoft.Bcl.AsyncInterfaces": {
        "type": "Transitive",
        "resolved": "10.0.2",
        "contentHash": "qE5JhRoeJbAipLqpUCZyNfNwnpAvUttXgIQDnTiJ15d8ji+/bPgoPkB3xLzK5cQTobN2D2ditUesUlDHb7p3Pg=="
      },
      "Microsoft.Bcl.HashCode": {
        "type": "Transitive",
        "resolved": "1.1.1",
        "contentHash": "MalY0Y/uM/LjXtHfX/26l2VtN4LDNZ2OE3aumNOHDLsT4fNYy2hiHXI4CXCqKpNUNm7iJ2brrc4J89UdaL56FA=="
      },
      "Microsoft.Extensions.AI": {
        "type": "Transitive",
        "resolved": "10.10.0",
        "contentHash": "XKvtDUD3KySkvA5UpS+UF67M5rcqiXjAQchTZZ26WnavVKXxwlUTVdK/Ju0tc/25+16AVUdNl8cnVVGX/tx03A==",
        "dependencies": {
          "Microsoft.Extensions.AI.Abstractions": "10.10.0",
          "System.Numerics.Tensors": "10.0.12"
        }
      },
      "Microsoft.Extensions.AI.Abstractions": {
        "type": "Transitive",
        "resolved": "10.10.1",
        "contentHash": "Kz6ezQfRb9x2TkIWyaXkVAfpvyoAlEDfC59klPrdr2XD5WM4HNw+PREAZ+Fo43GPldtX+E0i1aYzMFQ/zXYMLg=="
      },
      "Microsoft.Extensions.AI.Evaluation": {
        "type": "Transitive",
        "resolved": "10.10.0",
        "contentHash": "YXdqOSHl8X1/Vkmuu6QoV330FQ7aiYtNDqIUIiICSDd0HMx0No9D/ZWo0ocOPXd9bk00YQQfyK5HKcgRnRmQbQ==",
        "dependencies": {
          "Microsoft.Extensions.AI.Abstractions": "10.10.0"
        }
      },
      "Microsoft.Extensions.AI.OpenAI": {
        "type": "Transitive",
        "resolved": "10.5.0",
        "contentHash": "K1ZTH8waff1pnnDG6kPN07ce2oq4AJKFds4MGmE+EX+f0QYMO316HKSAcCZjrhnisAj+rJ4nSkrG9FjgjTA9nw==",
        "dependencies": {
          "Microsoft.Extensions.AI.Abstractions": "10.5.0",
          "OpenAI": "2.10.0"
        }
      },
      "Microsoft.Extensions.Compliance.Abstractions": {
        "type": "Transitive",
        "resolved": "10.10.0",
        "contentHash": "Sh3ujDRJpCMNY4x+43ljCROt4qBOoWfsL8l816RPYZS1S+Tw277r5002rbB15Sh6hFcCT8mGYBO7NtpfSYrQ0Q=="
      },
      "Microsoft.Extensions.VectorData.Abstractions": {
        "type": "Transitive",
        "resolved": "10.10.0",
        "contentHash": "bZdR7QbdLLqmc9xPJIiD5U6H678xyv8eMATjQ0SmH7OZyi+/12G/nFAGCE6DNG22q76YNwkXo+V7GMyUckjjgw==",
        "dependencies": {
          "Microsoft.Extensions.AI.Abstractions": "10.10.0"
        }
      },
      "Microsoft.ML.OnnxRuntime": {
        "type": "Transitive",
        "resolved": "1.30.0",
        "contentHash": "RaF3KjPXB/IbNvvrcQtrxS/NZjB9dEHnZQTsdJCLP5Fnn1Jj3LomeqR1mMAoRFKinJ0pIe85PLhLlfGBYqzgWA==",
        "dependencies": {
          "Microsoft.ML.OnnxRuntime.Managed": "1.30.0"
        }
      },
      "Microsoft.ML.OnnxRuntime.Managed": {
        "type": "Transitive",
        "resolved": "1.30.0",
        "contentHash": "KHW+vp+i4Mdf6RhIsMvurTVepafXHjg8/VQ0o6sa2wEK0KzV/4iEoRTUvsymcRP+XPAM/r6kZCaTADdV6Xn4RA==",
        "dependencies": {
          "System.Numerics.Tensors": "9.0.0"
        }
      },
      "Microsoft.ML.OnnxRuntimeGenAI": {
        "type": "Transitive",
        "resolved": "0.17.1",
        "contentHash": "ilVYETKd71LXTiQtFqZ0wI7VS68h2J74J4CB7hO/0tXLeZZg0UshaJ4/tH1KL9N1CT4hocFMzYlH1gQqpmUfGw==",
        "dependencies": {
          "Microsoft.ML.OnnxRuntime": "1.30.0",
          "Microsoft.ML.OnnxRuntimeGenAI.Managed": "0.17.1"
        }
      },
      "Microsoft.ML.OnnxRuntimeGenAI.Managed": {
        "type": "Transitive",
        "resolved": "0.17.1",
        "contentHash": "MIAOSt1TY4K96nGPZ1QLhEEH0XW7XmDTEwjDpxhaz+ruSnlkekaDsHmfvjXkcojQa6kgTA/SkNHkA7R849pERw==",
        "dependencies": {
          "Microsoft.Extensions.AI.Abstractions": "9.8.0"
        }
      },
      "Microsoft.ML.Tokenizers": {
        "type": "Transitive",
        "resolved": "2.0.0",
        "contentHash": "+b8lT4cLLO/sBR2hjvE/qG6qrZG15h7/PBvnIrzTh4xDaAxdHUY6449rC+1pHzQUsBiCHZVbj+VMn+xS0sL7TA==",
        "dependencies": {
          "Google.Protobuf": "3.30.2"
        }
      },
      "Microsoft.SemanticKernel": {
        "type": "Transitive",
        "resolved": "1.80.1",
        "contentHash": "xJztzrcryFBiz89N84Wp5sUvNMoVcb8twYzSVmLulL8FHcmaIPCG71xu5GXgVAccVgPyp0kgiTQLXbHPKfR+WQ==",
        "dependencies": {
          "Microsoft.SemanticKernel.Connectors.AzureOpenAI": "1.80.1",
          "Microsoft.SemanticKernel.Core": "1.80.1"
        }
      },
      "Microsoft.SemanticKernel.Abstractions": {
        "type": "Transitive",
        "resolved": "1.80.1",
        "contentHash": "GFyw6aBon1kMNXsoSouGocD344EBpq7VoAtgLOxRWFhY/4i6JQ5+dcGMaJMR89BO0OrNOdDm+gLMkMYPg71crQ==",
        "dependencies": {
          "Microsoft.Bcl.HashCode": "1.1.1",
          "Microsoft.Extensions.AI": "10.5.0",
          "Microsoft.Extensions.VectorData.Abstractions": "10.5.2"
        }
      },
      "Microsoft.SemanticKernel.Connectors.AzureOpenAI": {
        "type": "Transitive",
        "resolved": "1.80.1",
        "contentHash": "QspXOz8OUhRjF//Q4SyWi+4bnJKTjKS3wiIuMLsyYCblItq0bJgszZUZvxgLVrznl1yLkmQuO40osSz8HaEznQ==",
        "dependencies": {
          "Azure.AI.OpenAI": "2.9.0-beta.1",
          "Microsoft.SemanticKernel.Connectors.OpenAI": "1.80.1",
          "Microsoft.SemanticKernel.Core": "1.80.1"
        }
      },
      "Microsoft.SemanticKernel.Connectors.OpenAI": {
        "type": "Transitive",
        "resolved": "1.80.1",
        "contentHash": "kyLdviV92zoffOUE26+9bHx/MraLVCvwRe8OPCeNHfCe0jBIa35qxQRnZMs+AnhhrO4XOuwgsnd3oyC3lWNi6Q==",
        "dependencies": {
          "Microsoft.Extensions.AI.OpenAI": "10.5.0",
          "Microsoft.SemanticKernel.Core": "1.80.1",
          "OpenAI": "2.10.0"
        }
      },
      "Microsoft.SemanticKernel.Core": {
        "type": "Transitive",
        "resolved": "1.80.1",
        "contentHash": "ehU6pzYTnR1XwavA1VDZiVjD+uFyAwsPA7y7+WO4gnwsYi+T+ehhZLeO9ahzwv7ABGU87AGCL2xKA9WXCUQsiw==",
        "dependencies": {
          "Microsoft.SemanticKernel.Abstractions": "1.80.1",
          "System.Numerics.Tensors": "10.0.10"
        }
      },
      "ModelContextProtocol": {
        "type": "Transitive",
        "resolved": "2.2.0",
        "contentHash": "4Pb9u02Nwsp0poueDsqNdyGRojFxOYpljB7zDBsq+aHL+Afou3OgxlBc3GWFVnsRMRJrUtWqDh3s6k2JgPzmrQ==",
        "dependencies": {
          "ModelContextProtocol.Core": "[2.2.0]"
        }
      },
      "ModelContextProtocol.Core": {
        "type": "Transitive",
        "resolved": "2.2.0",
        "contentHash": "FeBfXU6T8k+jw4afg4sfxdEX2rL/e5oKOk9ROOGztu9k47+7Bz08sdaToYt2XvMY1opNbwxYQOFMj6wH9TInhA==",
        "dependencies": {
          "Microsoft.Extensions.AI.Abstractions": "10.8.3"
        }
      },
      "OpenAI": {
        "type": "Transitive",
        "resolved": "2.10.0",
        "contentHash": "e5gAhMDcX5bFmmtR+lT6qZxJoaGb0SkIplPUUdKwcC4xerCh471hTIsrvfkou7scfZD9YQk6C06dP3NwBqHw1A==",
        "dependencies": {
          "System.ClientModel": "1.10.0"
        }
      },
      "OpenInference.NET": {
        "type": "Transitive",
        "resolved": "1.0.0",
        "contentHash": "/ruzqEEq+rjdLBcy3TfEoVSfg9YBvQT/AvIpE/3A1dWSM8BDxbbze6C+qJHCXRnT42K4bjBcmTCnooITuZuV3Q==",
        "dependencies": {
          "Microsoft.SemanticKernel": "1.48.0",
          "Microsoft.SemanticKernel.Abstractions": "1.48.0",
          "OpenTelemetry": "1.7.0",
          "OpenTelemetry.Api": "1.7.0",
          "OpenTelemetry.Extensions.Hosting": "1.7.0"
        }
      },
      "OpenTelemetry": {
        "type": "Transitive",
        "resolved": "1.19.1",
        "contentHash": "6ywhc3upf+dq8EsOohj7I7zS3l4yX9vfbtFkvyEC8xIUY4Z9iDIOVuke356eCAzIZaWtmwmmyl2UXYCp5n7I3Q==",
        "dependencies": {
          "OpenTelemetry.Api.ProviderBuilderExtensions": "1.19.1"
        }
      },
      "OpenTelemetry.Api": {
        "type": "Transitive",
        "resolved": "1.19.1",
        "contentHash": "9JKIH+xrV0HNTFjQC8zrx9gZpDOMEljN5Htg/U0VE2IvO3N+7bKALCCsGy5tp09marX5dd8UkrgQFoLaulIBRw=="
      },
      "OpenTelemetry.Api.ProviderBuilderExtensions": {
        "type": "Transitive",
        "resolved": "1.19.1",
        "contentHash": "HtGe72B/IhzKqdU0a3fNE5osax/Cegwxd+p4u6lOFy20nsgmeaFuP2NRyFs1WvrOv/bpkII3IvvBkKoZXG8BLg==",
        "dependencies": {
          "OpenTelemetry.Api": "1.19.1"
        }
      },
      "OpenTelemetry.Exporter.OpenTelemetryProtocol": {
        "type": "Transitive",
        "resolved": "1.19.1",
        "contentHash": "vsYYOBf/KxNubnuoja8pjJ9LG0zCC9HAYPay+R6N5ZKZMbhNdKWbaq6JZqJqTvK+55rudiqErJySekf9ql8okA==",
        "dependencies": {
          "OpenTelemetry": "1.19.1"
        }
      },
      "OpenTelemetry.Extensions.Hosting": {
        "type": "Transitive",
        "resolved": "1.19.1",
        "contentHash": "3qqZfVmW8mKA2/fRwI83o8z+yZd33KbEqRlXrlX0+3e/U7i+z0MQiCr0L3Axxa0jGdiylIrpWX4DIT9nAbJ00A==",
        "dependencies": {
          "OpenTelemetry": "1.19.1"
        }
      },
      "System.ClientModel": {
        "type": "Transitive",
        "resolved": "1.10.0",
        "contentHash": "lBEWs54F5Y5pZ9hC+8z4S/X76957ex+DPk7WecRHlbIHtrPfbRMMlOgI3iDn4Jpb3bSxvBnKaaHoD59auFjlBA==",
        "dependencies": {
          "System.Memory.Data": "10.0.3"
        }
      },
      "System.Memory.Data": {
        "type": "Transitive",
        "resolved": "10.0.3",
        "contentHash": "MaGhRfGunmrj/nHjtsi9XkhlYJ/ERGWrbA+BiSKNtGnAjc9XlG5EhAvak6VRcX5LYzPF6pBO8nJ613dTgzabig=="
      },
      "System.Numerics.Tensors": {
        "type": "Transitive",
        "resolved": "10.0.12",
        "contentHash": "17brFrnQHV/XMMazXNqFq4GkvzWy8yzDPo5Gb8TT8zJtMFbUqDycOCyPCp9F+eMc4L75kcCKRZqaeBHMwLCL9Q=="
      },
      "graphrag.core": {
        "type": "Project",
        "dependencies": {
          "Microsoft.Extensions.AI.Abstractions": "[10.10.1, )",
          "System.Numerics.Tensors": "[10.0.12, )"
        }
      },
      "graphrag.infrastructure": {
        "type": "Project",
        "dependencies": {
          "GraphRag.Core": "[1.0.0, )",
          "Microsoft.Agents.AI.Workflows": "[1.23.0, )",
          "Microsoft.ML.OnnxRuntime": "[1.30.0, )",
          "Microsoft.ML.OnnxRuntimeGenAI": "[0.17.1, )",
          "Microsoft.SemanticKernel": "[1.80.1, )",
          "ModelContextProtocol": "[2.2.0, )",
          "OpenInference.NET": "[1.0.0, )",
          "OpenTelemetry.Exporter.OpenTelemetryProtocol": "[1.19.1, )",
          "OpenTelemetry.Extensions.Hosting": "[1.19.1, )"
        }
      }
    },
    "net10.0/win-x64": {
      "Microsoft.DotNet.ILCompiler": {
        "type": "Direct",
        "requested": "[10.0.12, )",
        "resolved": "10.0.12",
        "contentHash": "AawF393Q+VkdrnrnI1gu612zh5iqpa1AGSvnKCQ3IkMgSKJXIQbO1sXYRgEzOU4f0cPZ6MaCCF29xZSGWlmbuQ==",
        "dependencies": {
          "runtime.win-x64.Microsoft.DotNet.ILCompiler": "10.0.12"
        }
      },
      "Microsoft.ML.OnnxRuntime": {
        "type": "Transitive",
        "resolved": "1.30.0",
        "contentHash": "RaF3KjPXB/IbNvvrcQtrxS/NZjB9dEHnZQTsdJCLP5Fnn1Jj3LomeqR1mMAoRFKinJ0pIe85PLhLlfGBYqzgWA==",
        "dependencies": {
          "Microsoft.ML.OnnxRuntime.Managed": "1.30.0"
        }
      },
      "Microsoft.ML.OnnxRuntimeGenAI": {
        "type": "Transitive",
        "resolved": "0.17.1",
        "contentHash": "ilVYETKd71LXTiQtFqZ0wI7VS68h2J74J4CB7hO/0tXLeZZg0UshaJ4/tH1KL9N1CT4hocFMzYlH1gQqpmUfGw==",
        "dependencies": {
          "Microsoft.ML.OnnxRuntime": "1.30.0",
          "Microsoft.ML.OnnxRuntimeGenAI.Managed": "0.17.1"
        }
      },
      "runtime.win-x64.Microsoft.DotNet.ILCompiler": {
        "type": "Transitive",
        "resolved": "10.0.12",
        "contentHash": "clsgU9GnioCJ+PBzQTCoJHxLXRU+7O/BzYrwRT8CUP7jgyYjNgJmNsQ/kbzAA7MG5kDvFoFvIBGHGzYdINh/EQ=="
      }
    }
  }
}